
Microsoft Visual Studio Solution File, Format Version 12.00
# Visual Studio 15
VisualStudioVersion = 15.0.27703.2042
MinimumVisualStudioVersion = 10.0.40219.1
Project("{FAE04EC0-301F-11D3-BF4B-00C04F79EFBC}") = "Amiibopedia.Android", "Amiibopedia\Amiibopedia.Android\Amiibopedia.Android.csproj", "{0DB40B96-E852-419E-BCF8-DEEE8F33E406}"
EndProject
Project("{FAE04EC0-301F-11D3-BF4B-00C04F79EFBC}") = "Amiibopedia.iOS", "Amiibopedia\Amiibopedia.iOS\Amiibopedia.iOS.csproj", "{BBCDF9F4-3567-4B13-AC11-EDE1B3CB926C}"
EndProject
Project("{FAE04EC0-301F-11D3-BF4B-00C04F79EFBC}") = "Amiibopedia.UWP", "Amiibopedia\Amiibopedia.UWP\Amiibopedia.UWP.csproj", "{D14A3C2C-4D57-416E-8937-A04B235E7BB8}"
EndProject
Project("{FAE04EC0-301F-11D3-BF4B-00C04F79EFBC}") = "Amiibopedia", "Amiibopedia\Amiibopedia\Amiibopedia.csproj", "{DD62DE92-FB5C-42FA-9E96-6B8AC750D760}"
EndProject
Global
	GlobalSection(SolutionConfigurationPlatforms) = preSolution
		Ad-Hoc|Any CPU = Ad-Hoc|Any CPU
		Ad-Hoc|ARM = Ad-Hoc|ARM
		Ad-Hoc|iPhone = Ad-Hoc|iPhone
		Ad-Hoc|iPhoneSimulator = Ad-Hoc|iPhoneSimulator
		Ad-Hoc|x64 = Ad-Hoc|x64
		Ad-Hoc|x86 = Ad-Hoc|x86
		AppStore|Any CPU = AppStore|Any CPU
		AppStore|ARM = AppStore|ARM
		AppStore|iPhone = AppStore|iPhone
		AppStore|iPhoneSimulator = AppStore|iPhoneSimulator
		AppStore|x64 = AppStore|x64
		AppStore|x86 = AppStore|x86
		Debug|Any CPU = Debug|Any CPU
		Debug|ARM = Debug|ARM
		Debug|iPhone = Debug|iPhone
		Debug|iPhoneSimulator = Debug|iPhoneSimulator
		Debug|x64 = Debug|x64
		Debug|x86 = Debug|x86
		Release|Any CPU = Release|Any CPU
		Release|ARM = Release|ARM
		Release|iPhone = Release|iPhone
		Release|iPhoneSimulator = Release|iPhoneSimulator
		Release|x64 = Release|x64
		Release|x86 = Release|x86
	EndGlobalSection
	GlobalSection(ProjectConfigurationPlatforms) = postSolution
		{0DB40B96-E852-419E-BCF8-DEEE8F33E406}.Ad-Hoc|Any CPU.ActiveCfg = Release|Any CPU
		{0DB40B96-E852-419E-BCF8-DEEE8F33E406}.Ad-Hoc|Any CPU.Build.0 = Release|Any CPU
		{0DB40B96-E852-419E-BCF8-DEEE8F33E406}.Ad-Hoc|Any CPU.Deploy.0 = Release|Any CPU
		{0DB40B96-E852-419E-BCF8-DEEE8F33E406}.Ad-Hoc|ARM.ActiveCfg = Release|Any CPU
		{0DB40B96-E852-419E-BCF8-DEEE8F33E406}.Ad-Hoc|ARM.Build.0 = Release|Any CPU
		{0DB40B96-E852-419E-BCF8-DEEE8F33E406}.Ad-Hoc|ARM.Deploy.0 = Release|Any CPU
		{0DB40B96-E852-419E-BCF8-DEEE8F33E406}.Ad-Hoc|iPhone.ActiveCfg = Release|Any CPU
		{0DB40B96-E852-419E-BCF8-DEEE8F33E406}.Ad-Hoc|iPhone.Build.0 = Release|Any CPU
		{0DB40B96-E852-419E-BCF8-DEEE8F33E406}.Ad-Hoc|iPhone.Deploy.0 = Release|Any CPU
		{0DB40B96-E852-419E-BCF8-DEEE8F33E406}.Ad-Hoc|iPhoneSimulator.ActiveCfg = Release|Any CPU
		{0DB40B96-E852-419E-BCF8-DEEE8F33E406}.Ad-Hoc|iPhoneSimulator.Build.0 = Release|Any CPU
		{0DB40B96-E852-419E-BCF8-DEEE8F33E406}.Ad-Hoc|iPhoneSimulator.Deploy.0 = Release|Any CPU
		{0DB40B96-E852-419E-BCF8-DEEE8F33E406}.Ad-Hoc|x64.ActiveCfg = Release|Any CPU
		{0DB40B96-E852-419E-BCF8-DEEE8F33E406}.Ad-Hoc|x64.Build.0 = Release|Any CPU
		{0DB40B96-E852-419E-BCF8-DEEE8F33E406}.Ad-Hoc|x64.Deploy.0 = Release|Any CPU
		{0DB40B96-E852-419E-BCF8-DEEE8F33E406}.Ad-Hoc|x86.ActiveCfg = Release|Any CPU
		{0DB40B96-E852-419E-BCF8-DEEE8F33E406}.Ad-Hoc|x86.Build.0 = Release|Any CPU
		{0DB40B96-E852-419E-BCF8-DEEE8F33E406}.Ad-Hoc|x86.Deploy.0 = Release|Any CPU
		{0DB40B96-E852-419E-BCF8-DEEE8F33E406}.AppStore|Any CPU.ActiveCfg = Release|Any CPU
		{0DB40B96-E852-419E-BCF8-DEEE8F33E406}.AppStore|Any CPU.Build.0 = Release|Any CPU
		{0DB40B96-E852-419E-BCF8-DEEE8F33E406}.AppStore|Any CPU.Deploy.0 = Release|Any CPU
		{0DB40B96-E852-419E-BCF8-DEEE8F33E406}.AppStore|ARM.ActiveCfg = Release|Any CPU
		{0DB40B96-E852-419E-BCF8-DEEE8F33E406}.AppStore|ARM.Build.0 = Release|Any CPU
		{0DB40B96-E852-419E-BCF8-DEEE8F33E406}.AppStore|ARM.Deploy.0 = Release|Any CPU
		{0DB40B96-E852-419E-BCF8-DEEE8F33E406}.AppStore|iPhone.ActiveCfg = Release|Any CPU
		{0DB40B96-E852-419E-BCF8-DEEE8F33E406}.AppStore|iPhone.Build.0 = Release|Any CPU
		{0DB40B96-E852-419E-BCF8-DEEE8F33E406}.AppStore|iPhone.Deploy.0 = Release|Any CPU
		{0DB40B96-E852-419E-BCF8-DEEE8F33E406}.AppStore|iPhoneSimulator.ActiveCfg = Release|Any CPU
		{0DB40B96-E852-419E-BCF8-DEEE8F33E406}.AppStore|iPhoneSimulator.Build.0 = Release|Any CPU
		{0DB40B96-E852-419E-BCF8-DEEE8F33E406}.AppStore|iPhoneSimulator.Deploy.0 = Release|Any CPU
		{0DB40B96-E852-419E-BCF8-DEEE8F33E406}.AppStore|x64.ActiveCfg = Release|Any CPU
		{0DB40B96-E852-419E-BCF8-DEEE8F33E406}.AppStore|x64.Build.0 = Release|Any CPU
		{0DB40B96-E852-419E-BCF8-DEEE8F33E406}.AppStore|x64.Deploy.0 = Release|Any CPU
		{0DB40B96-E852-419E-BCF8-DEEE8F33E406}.AppStore|x86.ActiveCfg = Release|Any CPU
		{0DB40B96-E852-419E-BCF8-DEEE8F33E406}.AppStore|x86.Build.0 = Release|Any CPU
		{0DB40B96-E852-419E-BCF8-DEEE8F33E406}.AppStore|x86.Deploy.0 = Release|Any CPU
		{0DB40B96-E852-419E-BCF8-DEEE8F33E406}.Debug|Any CPU.ActiveCfg = Debug|Any CPU
		{0DB40B96-E852-419E-BCF8-DEEE8F33E406}.Debug|Any CPU.Build.0 = Debug|Any CPU
		{0DB40B96-E852-419E-BCF8-DEEE8F33E406}.Debug|Any CPU.Deploy.0 = Debug|Any CPU
		{0DB40B96-E852-419E-BCF8-DEEE8F33E406}.Debug|ARM.ActiveCfg = Debug|Any CPU
		{0DB40B96-E852-419E-BCF8-DEEE8F33E406}.Debug|ARM.Build.0 = Debug|Any CPU
		{0DB40B96-E852-419E-BCF8-DEEE8F33E406}.Debug|ARM.Deploy.0 = Debug|Any CPU
		{0DB40B96-E852-419E-BCF8-DEEE8F33E406}.Debug|iPhone.ActiveCfg = Debug|Any CPU
		{0DB40B96-E852-419E-BCF8-DEEE8F33E406}.Debug|iPhone.Build.0 = Debug|Any CPU
		{0DB40B96-E852-419E-BCF8-DEEE8F33E406}.Debug|iPhone.Deploy.0 = Debug|Any CPU
		{0DB40B96-E852-419E-BCF8-DEEE8F33E406}.Debug|iPhoneSimulator.ActiveCfg = Debug|Any CPU
		{0DB40B96-E852-419E-BCF8-DEEE8F33E406}.Debug|iPhoneSimulator.Build.0 = Debug|Any CPU
		{0DB40B96-E852-419E-BCF8-DEEE8F33E406}.Debug|iPhoneSimulator.Deploy.0 = Debug|Any CPU
		{0DB40B96-E852-419E-BCF8-DEEE8F33E406}.Debug|x64.ActiveCfg = Debug|Any CPU
		{0DB40B96-E852-419E-BCF8-DEEE8F33E406}.Debug|x64.Build.0 = Debug|Any CPU
		{0DB40B96-E852-419E-BCF8-DEEE8F33E406}.Debug|x64.Deploy.0 = Debug|Any CPU
		{0DB40B96-E852-419E-BCF8-DEEE8F33E406}.Debug|x86.ActiveCfg = Debug|Any CPU
		{0DB40B96-E852-419E-BCF8-DEEE8F33E406}.Debug|x86.Build.0 = Debug|Any CPU
		{0DB40B96-E852-419E-BCF8-DEEE8F33E406}.Debug|x86.Deploy.0 = Debug|Any CPU
		{0DB40B96-E852-419E-BCF8-DEEE8F33E406}.Release|Any CPU.ActiveCfg = Release|Any CPU
		{0DB40B96-E852-419E-BCF8-DEEE8F33E406}.Release|Any CPU.Build.0 = Release|Any CPU
		{0DB40B96-E852-419E-BCF8-DEEE8F33E406}.Release|Any CPU.Deploy.0 = Release|Any CPU
		{0DB40B96-E852-419E-BCF8-DEEE8F33E406}.Release|ARM.ActiveCfg = Release|Any CPU
		{0DB40B96-E852-419E-BCF8-DEEE8F33E406}.Release|ARM.Build.0 = Release|Any CPU
		{0DB40B96-E852-419E-BCF8-DEEE8F33E406}.Release|ARM.Deploy.0 = Release|Any CPU
		{0DB40B96-E852-419E-BCF8-DEEE8F33E406}.Release|iPhone.ActiveCfg = Release|Any CPU
		{0DB40B96-E852-419E-BCF8-DEEE8F33E406}.Release|iPhone.Build.0 = Release|Any CPU
		{0DB40B96-E852-419E-BCF8-DEEE8F33E406}.Release|iPhone.Deploy.0 = Release|Any CPU
		{0DB40B96-E852-419E-BCF8-DEEE8F33E406}.Release|iPhoneSimulator.ActiveCfg = Release|Any CPU
		{0DB40B96-E852-419E-BCF8-DEEE8F33E406}.Release|iPhoneSimulator.Build.0 = Release|Any CPU
		{0DB40B96-E852-419E-BCF8-DEEE8F33E406}.Release|iPhoneSimulator.Deploy.0 = Release|Any CPU
		{0DB40B96-E852-419E-BCF8-DEEE8F33E406}.Release|x64.ActiveCfg = Release|Any CPU
		{0DB40B96-E852-419E-BCF8-DEEE8F33E406}.Release|x64.Build.0 = Release|Any CPU
		{0DB40B96-E852-419E-BCF8-DEEE8F33E406}.Release|x64.Deploy.0 = Release|Any CPU
		{0DB40B96-E852-419E-BCF8-DEEE8F33E406}.Release|x86.ActiveCfg = Release|Any CPU
		{0DB40B96-E852-419E-BCF8-DEEE8F33E406}.Release|x86.Build.0 = Release|Any CPU
		{0DB40B96-E852-419E-BCF8-DEEE8F33E406}.Release|x86.Deploy.0 = Release|Any CPU
		{BBCDF9F4-3567-4B13-AC11-EDE1B3CB926C}.Ad-Hoc|Any CPU.ActiveCfg = Ad-Hoc|iPhone
		{BBCDF9F4-3567-4B13-AC11-EDE1B3CB926C}.Ad-Hoc|Any CPU.Build.0 = Ad-Hoc|iPhone
		{BBCDF9F4-3567-4B13-AC11-EDE1B3CB926C}.Ad-Hoc|Any CPU.Deploy.0 = Ad-Hoc|iPhone
		{BBCDF9F4-3567-4B13-AC11-EDE1B3CB926C}.Ad-Hoc|ARM.ActiveCfg = Ad-Hoc|iPhone
		{BBCDF9F4-3567-4B13-AC11-EDE1B3CB926C}.Ad-Hoc|ARM.Build.0 = Ad-Hoc|iPhone
		{BBCDF9F4-3567-4B13-AC11-EDE1B3CB926C}.Ad-Hoc|ARM.Deploy.0 = Ad-Hoc|iPhone
		{BBCDF9F4-3567-4B13-AC11-EDE1B3CB926C}.Ad-Hoc|iPhone.ActiveCfg = Ad-Hoc|iPhone
		{BBCDF9F4-3567-4B13-AC11-EDE1B3CB926C}.Ad-Hoc|iPhone.Build.0 = Ad-Hoc|iPhone
		{BBCDF9F4-3567-4B13-AC11-EDE1B3CB926C}.Ad-Hoc|iPhone.Deploy.0 = Ad-Hoc|iPhone
		{BBCDF9F4-3567-4B13-AC11-EDE1B3CB926C}.Ad-Hoc|iPhoneSimulator.ActiveCfg = Ad-Hoc|iPhoneSimulator
		{BBCDF9F4-3567-4B13-AC11-EDE1B3CB926C}.Ad-Hoc|iPhoneSimulator.Build.0 = Ad-Hoc|iPhoneSimulator
		{BBCDF9F4-3567-4B13-AC11-EDE1B3CB926C}.Ad-Hoc|iPhoneSimulator.Deploy.0 = Ad-Hoc|iPhoneSimulator
		{BBCDF9F4-3567-4B13-AC11-EDE1B3CB926C}.Ad-Hoc|x64.ActiveCfg = Ad-Hoc|iPhone
		{BBCDF9F4-3567-4B13-AC11-EDE1B3CB926C}.Ad-Hoc|x64.Build.0 = Ad-Hoc|iPhone
		{BBCDF9F4-3567-4B13-AC11-EDE1B3CB926C}.Ad-Hoc|x64.Deploy.0 = Ad-Hoc|iPhone
		{BBCDF9F4-3567-4B13-AC11-EDE1B3CB926C}.Ad-Hoc|x86.ActiveCfg = Ad-Hoc|iPhone
		{BBCDF9F4-3567-4B13-AC11-EDE1B3CB926C}.Ad-Hoc|x86.Build.0 = Ad-Hoc|iPhone
		{BBCDF9F4-3567-4B13-AC11-EDE1B3CB926C}.Ad-Hoc|x86.Deploy.0 = Ad-Hoc|iPhone
		{BBCDF9F4-3567-4B13-AC11-EDE1B3CB926C}.AppStore|Any CPU.ActiveCfg = AppStore|iPhone
		{BBCDF9F4-3567-4B13-AC11-EDE1B3CB926C}.AppStore|Any CPU.Build.0 = AppStore|iPhone
		{BBCDF9F4-3567-4B13-AC11-EDE1B3CB926C}.AppStore|Any CPU.Deploy.0 = AppStore|iPhone
		{BBCDF9F4-3567-4B13-AC11-EDE1B3CB926C}.AppStore|ARM.ActiveCfg = AppStore|iPhone
		{BBCDF9F4-3567-4B13-AC11-EDE1B3CB926C}.AppStore|ARM.Build.0 = AppStore|iPhone
		{BBCDF9F4-3567-4B13-AC11-EDE1B3CB926C}.AppStore|ARM.Deploy.0 = AppStore|iPhone
		{BBCDF9F4-3567-4B13-AC11-EDE1B3CB926C}.AppStore|iPhone.ActiveCfg = AppStore|iPhone
		{BBCDF9F4-3567-4B13-AC11-EDE1B3CB926C}.AppStore|iPhone.Build.0 = AppStore|iPhone
		{BBCDF9F4-3567-4B13-AC11-EDE1B3CB926C}.AppStore|iPhone.Deploy.0 = AppStore|iPhone
		{BBCDF9F4-3567-4B13-AC11-EDE1B3CB926C}.AppStore|iPhoneSimulator.ActiveCfg = AppStore|iPhoneSimulator
		{BBCDF9F4-3567-4B13-AC11-EDE1B3CB926C}.AppStore|iPhoneSimulator.Build.0 = AppStore|iPhoneSimulator
		{BBCDF9F4-3567-4B13-AC11-EDE1B3CB926C}.AppStore|iPhoneSimulator.Deploy.0 = AppStore|iPhoneSimulator
		{BBCDF9F4-3567-4B13-AC11-EDE1B3CB926C}.AppStore|x64.ActiveCfg = AppStore|iPhone
		{BBCDF9F4-3567-4B13-AC11-EDE1B3CB926C}.AppStore|x64.Build.0 = AppStore|iPhone
		{BBCDF9F4-3567-4B13-AC11-EDE1B3CB926C}.AppStore|x64.Deploy.0 = AppStore|iPhone
		{BBCDF9F4-3567-4B13-AC11-EDE1B3CB926C}.AppStore|x86.ActiveCfg = AppStore|iPhone
		{BBCDF9F4-3567-4B13-AC11-EDE1B3CB926C}.AppStore|x86.Build.0 = AppStore|iPhone
		{BBCDF9F4-3567-4B13-AC11-EDE1B3CB926C}.AppStore|x86.Deploy.0 = AppStore|iPhone
		{BBCDF9F4-3567-4B13-AC11-EDE1B3CB926C}.Debug|Any CPU.ActiveCfg = Debug|iPhoneSimulator
		{BBCDF9F4-3567-4B13-AC11-EDE1B3CB926C}.Debug|Any CPU.Build.0 = Debug|iPhoneSimulator
		{BBCDF9F4-3567-4B13-AC11-EDE1B3CB926C}.Debug|Any CPU.Deploy.0 = Debug|iPhoneSimulator
		{BBCDF9F4-3567-4B13-AC11-EDE1B3CB926C}.Debug|ARM.ActiveCfg = Debug|iPhone
		{BBCDF9F4-3567-4B13-AC11-EDE1B3CB926C}.Debug|ARM.Build.0 = Debug|iPhone
		{BBCDF9F4-3567-4B13-AC11-EDE1B3CB926C}.Debug|ARM.Deploy.0 = Debug|iPhone
		{BBCDF9F4-3567-4B13-AC11-EDE1B3CB926C}.Debug|iPhone.ActiveCfg = Debug|iPhone
		{BBCDF9F4-3567-4B13-AC11-EDE1B3CB926C}.Debug|iPhone.Build.0 = Debug|iPhone
		{BBCDF9F4-3567-4B13-AC11-EDE1B3CB926C}.Debug|iPhone.Deploy.0 = Debug|iPhone
		{BBCDF9F4-3567-4B13-AC11-EDE1B3CB926C}.Debug|iPhoneSimulator.ActiveCfg = Debug|iPhoneSimulator
		{BBCDF9F4-3567-4B13-AC11-EDE1B3CB926C}.Debug|iPhoneSimulator.Build.0 = Debug|iPhoneSimulator
		{BBCDF9F4-3567-4B13-AC11-EDE1B3CB926C}.Debug|iPhoneSimulator.Deploy.0 = Debug|iPhoneSimulator
		{BBCDF9F4-3567-4B13-AC11-EDE1B3CB926C}.Debug|x64.ActiveCfg = Debug|iPhone
		{BBCDF9F4-3567-4B13-AC11-EDE1B3CB926C}.Debug|x64.Build.0 = Debug|iPhone
		{BBCDF9F4-3567-4B13-AC11-EDE1B3CB926C}.Debug|x64.Deploy.0 = Debug|iPhone
		{BBCDF9F4-3567-4B13-AC11-EDE1B3CB926C}.Debug|x86.ActiveCfg = Debug|iPhone
		{BBCDF9F4-3567-4B13-AC11-EDE1B3CB926C}.Debug|x86.Build.0 = Debug|iPhone
		{BBCDF9F4-3567-4B13-AC11-EDE1B3CB926C}.Debug|x86.Deploy.0 = Debug|iPhone
		{BBCDF9F4-3567-4B13-AC11-EDE1B3CB926C}.Release|Any CPU.ActiveCfg = Release|iPhone
		{BBCDF9F4-3567-4B13-AC11-EDE1B3CB926C}.Release|Any CPU.Build.0 = Release|iPhone
		{BBCDF9F4-3567-4B13-AC11-EDE1B3CB926C}.Release|Any CPU.Deploy.0 = Release|iPhone
		{BBCDF9F4-3567-4B13-AC11-EDE1B3CB926C}.Release|ARM.ActiveCfg = Release|iPhone
		{BBCDF9F4-3567-4B13-AC11-EDE1B3CB926C}.Release|ARM.Build.0 = Release|iPhone
		{BBCDF9F4-3567-4B13-AC11-EDE1B3CB926C}.Release|ARM.Deploy.0 = Release|iPhone
		{BBCDF9F4-3567-4B13-AC11-EDE1B3CB926C}.Release|iPhone.ActiveCfg = Release|iPhone
		{BBCDF9F4-3567-4B13-AC11-EDE1B3CB926C}.Release|iPhone.Build.0 = Release|iPhone
		{BBCDF9F4-3567-4B13-AC11-EDE1B3CB926C}.Release|iPhone.Deploy.0 = Release|iPhone
		{BBCDF9F4-3567-4B13-AC11-EDE1B3CB926C}.Release|iPhoneSimulator.ActiveCfg = Release|iPhoneSimulator
		{BBCDF9F4-3567-4B13-AC11-EDE1B3CB926C}.Release|iPhoneSimulator.Build.0 = Release|iPhoneSimulator
		{BBCDF9F4-3567-4B13-AC11-EDE1B3CB926C}.Release|iPhoneSimulator.Deploy.0 = Release|iPhoneSimulator
		{BBCDF9F4-3567-4B13-AC11-EDE1B3CB926C}.Release|x64.ActiveCfg = Release|iPhone
		{BBCDF9F4-3567-4B13-AC11-EDE1B3CB926C}.Release|x64.Build.0 = Release|iPhone
		{BBCDF9F4-3567-4B13-AC11-EDE1B3CB926C}.Release|x64.Deploy.0 = Release|iPhone
		{BBCDF9F4-3567-4B13-AC11-EDE1B3CB926C}.Release|x86.ActiveCfg = Release|iPhone
		{BBCDF9F4-3567-4B13-AC11-EDE1B3CB926C}.Release|x86.Build.0 = Release|iPhone
		{BBCDF9F4-3567-4B13-AC11-EDE1B3CB926C}.Release|x86.Deploy.0 = Release|iPhone
		{D14A3C2C-4D57-416E-8937-A04B235E7BB8}.Ad-Hoc|Any CPU.ActiveCfg = Release|x86
		{D14A3C2C-4D57-416E-8937-A04B235E7BB8}.Ad-Hoc|Any CPU.Build.0 = Release|x86
		{D14A3C2C-4D57-416E-8937-A04B235E7BB8}.Ad-Hoc|Any CPU.Deploy.0 = Release|x86
		{D14A3C2C-4D57-416E-8937-A04B235E7BB8}.Ad-Hoc|ARM.ActiveCfg = Release|ARM
		{D14A3C2C-4D57-416E-8937-A04B235E7BB8}.Ad-Hoc|ARM.Build.0 = Release|ARM
		{D14A3C2C-4D57-416E-8937-A04B235E7BB8}.Ad-Hoc|ARM.Deploy.0 = Release|ARM
		{D14A3C2C-4D57-416E-8937-A04B235E7BB8}.Ad-Hoc|iPhone.ActiveCfg = Release|x86
		{D14A3C2C-4D57-416E-8937-A04B235E7BB8}.Ad-Hoc|iPhone.Build.0 = Release|x86
		{D14A3C2C-4D57-416E-8937-A04B235E7BB8}.Ad-Hoc|iPhone.Deploy.0 = Release|x86
		{D14A3C2C-4D57-416E-8937-A04B235E7BB8}.Ad-Hoc|iPhoneSimulator.ActiveCfg = Release|x86
		{D14A3C2C-4D57-416E-8937-A04B235E7BB8}.Ad-Hoc|iPhoneSimulator.Build.0 = Release|x86
		{D14A3C2C-4D57-416E-8937-A04B235E7BB8}.Ad-Hoc|iPhoneSimulator.Deploy.0 = Release|x86
		{D14A3C2C-4D57-416E-8937-A04B235E7BB8}.Ad-Hoc|x64.ActiveCfg = Release|x64
		{D14A3C2C-4D57-416E-8937-A04B235E7BB8}.Ad-Hoc|x64.Build.0 = Release|x64
		{D14A3C2C-4D57-416E-8937-A04B235E7BB8}.Ad-Hoc|x64.Deploy.0 = Release|x64
		{D14A3C2C-4D57-416E-8937-A04B235E7BB8}.Ad-Hoc|x86.ActiveCfg = Release|x86
		{D14A3C2C-4D57-416E-8937-A04B235E7BB8}.Ad-Hoc|x86.Build.0 = Release|x86
		{D14A3C2C-4D57-416E-8937-A04B235E7BB8}.Ad-Hoc|x86.Deploy.0 = Release|x86
		{D14A3C2C-4D57-416E-8937-A04B235E7BB8}.AppStore|Any CPU.ActiveCfg = Release|x86
		{D14A3C2C-4D57-416E-8937-A04B235E7BB8}.AppStore|Any CPU.Build.0 = Release|x86
		{D14A3C2C-4D57-416E-8937-A04B235E7BB8}.AppStore|Any CPU.Deploy.0 = Release|x86
		{D14A3C2C-4D57-416E-8937-A04B235E7BB8}.AppStore|ARM.ActiveCfg = Release|ARM
		{D14A3C2C-4D57-416E-8937-A04B235E7BB8}.AppStore|ARM.Build.0 = Release|ARM
		{D14A3C2C-4D57-416E-8937-A04B235E7BB8}.AppStore|ARM.Deploy.0 = Release|ARM
		{D14A3C2C-4D57-416E-8937-A04B235E7BB8}.AppStore|iPhone.ActiveCfg = Release|x86
		{D14A3C2C-4D57-416E-8937-A04B235E7BB8}.AppStore|iPhone.Build.0 = Release|x86
		{D14A3C2C-4D57-416E-8937-A04B235E7BB8}.AppStore|iPhone.Deploy.0 = Release|x86
		{D14A3C2C-4D57-416E-8937-A04B235E7BB8}.AppStore|iPhoneSimulator.ActiveCfg = Release|x86
		{D14A3C2C-4D57-416E-8937-A04B235E7BB8}.AppStore|iPhoneSimulator.Build.0 = Release|x86
		{D14A3C2C-4D57-416E-8937-A04B235E7BB8}.AppStore|iPhoneSimulator.Deploy.0 = Release|x86
		{D14A3C2C-4D57-416E-8937-A04B235E7BB8}.AppStore|x64.ActiveCfg = Release|x64
		{D14A3C2C-4D57-416E-8937-A04B235E7BB8}.AppStore|x64.Build.0 = Release|x64
		{D14A3C2C-4D57-416E-8937-A04B235E7BB8}.AppStore|x64.Deploy.0 = Release|x64
		{D14A3C2C-4D57-416E-8937-A04B235E7BB8}.AppStore|x86.ActiveCfg = Release|x86
		{D14A3C2C-4D57-416E-8937-A04B235E7BB8}.AppStore|x86.Build.0 = Release|x86
		{D14A3C2C-4D57-416E-8937-A04B235E7BB8}.AppStore|x86.Deploy.0 = Release|x86
		{D14A3C2C-4D57-416E-8937-A04B235E7BB8}.Debug|Any CPU.ActiveCfg = Debug|x86
		{D14A3C2C-4D57-416E-8937-A04B235E7BB8}.Debug|Any CPU.Build.0 = Debug|x86
		{D14A3C2C-4D57-416E-8937-A04B235E7BB8}.Debug|Any CPU.Deploy.0 = Debug|x86
		{D14A3C2C-4D57-416E-8937-A04B235E7BB8}.Debug|ARM.ActiveCfg = Debug|ARM
		{D14A3C2C-4D57-416E-8937-A04B235E7BB8}.Debug|ARM.Build.0 = Debug|ARM
		{D14A3C2C-4D57-416E-8937-A04B235E7BB8}.Debug|ARM.Deploy.0 = Debug|ARM
		{D14A3C2C-4D57-416E-8937-A04B235E7BB8}.Debug|iPhone.ActiveCfg = Debug|x86
		{D14A3C2C-4D57-416E-8937-A04B235E7BB8}.Debug|iPhone.Build.0 = Debug|x86
		{D14A3C2C-4D57-416E-8937-A04B235E7BB8}.Debug|iPhone.Deploy.0 = Debug|x86
		{D14A3C2C-4D57-416E-8937-A04B235E7BB8}.Debug|iPhoneSimulator.ActiveCfg = Debug|x86
		{D14A3C2C-4D57-416E-8937-A04B235E7BB8}.Debug|iPhoneSimulator.Build.0 = Debug|x86
		{D14A3C2C-4D57-416E-8937-A04B235E7BB8}.Debug|iPhoneSimulator.Deploy.0 = Debug|x86
		{D14A3C2C-4D57-416E-8937-A04B235E7BB8}.Debug|x64.ActiveCfg = Debug|x64
		{D14A3C2C-4D57-416E-8937-A04B235E7BB8}.Debug|x64.Build.0 = Debug|x64
		{D14A3C2C-4D57-416E-8937-A04B235E7BB8}.Debug|x64.Deploy.0 = Debug|x64
		{D14A3C2C-4D57-416E-8937-A04B235E7BB8}.Debug|x86.ActiveCfg = Debug|x86
		{D14A3C2C-4D57-416E-8937-A04B235E7BB8}.Debug|x86.Build.0 = Debug|x86
		{D14A3C2C-4D57-416E-8937-A04B235E7BB8}.Debug|x86.Deploy.0 = Debug|x86
		{D14A3C2C-4D57-416E-8937-A04B235E7BB8}.Release|Any CPU.ActiveCfg = Release|x86
		{D14A3C2C-4D57-416E-8937-A04B235E7BB8}.Release|Any CPU.Build.0 = Release|x86
		{D14A3C2C-4D57-416E-8937-A04B235E7BB8}.Release|Any CPU.Deploy.0 = Release|x86
		{D14A3C2C-4D57-416E-8937-A04B235E7BB8}.Release|ARM.ActiveCfg = Release|ARM
		{D14A3C2C-4D57-416E-8937-A04B235E7BB8}.Release|ARM.Build.0 = Release|ARM
		{D14A3C2C-4D57-416E-8937-A04B235E7BB8}.Release|ARM.Deploy.0 = Release|ARM
		{D14A3C2C-4D57-416E-8937-A04B235E7BB8}.Release|iPhone.ActiveCfg = Release|x86
		{D14A3C2C-4D57-416E-8937-A04B235E7BB8}.Release|iPhone.Build.0 = Release|x86
		{D14A3C2C-4D57-416E-8937-A04B235E7BB8}.Release|iPhone.Deploy.0 = Release|x86
		{D14A3C2C-4D57-416E-8937-A04B235E7BB8}.Release|iPhoneSimulator.ActiveCfg = Release|x86
		{D14A3C2C-4D57-416E-8937-A04B235E7BB8}.Release|iPhoneSimulator.Build.0 = Release|x86
		{D14A3C2C-4D57-416E-8937-A04B235E7BB8}.Release|iPhoneSimulator.Deploy.0 = Release|x86
		{D14A3C2C-4D57-416E-8937-A04B235E7BB8}.Release|x64.ActiveCfg = Release|x64
		{D14A3C2C-4D57-416E-8937-A04B235E7BB8}.Release|x64.Build.0 = Release|x64
		{D14A3C2C-4D57-416E-8937-A04B235E7BB8}.Release|x64.Deploy.0 = Release|x64
		{D14A3C2C-4D57-416E-8937-A04B235E7BB8}.Release|x86.ActiveCfg = Release|x86
		{D14A3C2C-4D57-416E-8937-A04B235E7BB8}.Release|x86.Build.0 = Release|x86
		{D14A3C2C-4D57-416E-8937-A04B235E7BB8}.Release|x86.Deploy.0 = Release|x86
		{DD62DE92-FB5C-42FA-9E96-6B8AC750D760}.Ad-Hoc|Any CPU.ActiveCfg = Debug|Any CPU
		{DD62DE92-FB5C-42FA-9E96-6B8AC750D760}.Ad-Hoc|Any CPU.Build.0 = Debug|Any CPU
		{DD62DE92-FB5C-42FA-9E96-6B8AC750D760}.Ad-Hoc|Any CPU.Deploy.0 = Debug|Any CPU
		{DD62DE92-FB5C-42FA-9E96-6B8AC750D760}.Ad-Hoc|ARM.ActiveCfg = Debug|Any CPU
		{DD62DE92-FB5C-42FA-9E96-6B8AC750D760}.Ad-Hoc|ARM.Build.0 = Debug|Any CPU
		{DD62DE92-FB5C-42FA-9E96-6B8AC750D760}.Ad-Hoc|ARM.Deploy.0 = Debug|Any CPU
		{DD62DE92-FB5C-42FA-9E96-6B8AC750D760}.Ad-Hoc|iPhone.ActiveCfg = Debug|Any CPU
		{DD62DE92-FB5C-42FA-9E96-6B8AC750D760}.Ad-Hoc|iPhone.Build.0 = Debug|Any CPU
		{DD62DE92-FB5C-42FA-9E96-6B8AC750D760}.Ad-Hoc|iPhone.Deploy.0 = Debug|Any CPU
		{DD62DE92-FB5C-42FA-9E96-6B8AC750D760}.Ad-Hoc|iPhoneSimulator.ActiveCfg = Debug|Any CPU
		{DD62DE92-FB5C-42FA-9E96-6B8AC750D760}.Ad-Hoc|iPhoneSimulator.Build.0 = Debug|Any CPU
		{DD62DE92-FB5C-42FA-9E96-6B8AC750D760}.Ad-Hoc|iPhoneSimulator.Deploy.0 = Debug|Any CPU
		{DD62DE92-FB5C-42FA-9E96-6B8AC750D760}.Ad-Hoc|x64.ActiveCfg = Debug|Any CPU
		{DD62DE92-FB5C-42FA-9E96-6B8AC750D760}.Ad-Hoc|x64.Build.0 = Debug|Any CPU
		{DD62DE92-FB5C-42FA-9E96-6B8AC750D760}.Ad-Hoc|x64.Deploy.0 = Debug|Any CPU
		{DD62DE92-FB5C-42FA-9E96-6B8AC750D760}.Ad-Hoc|x86.ActiveCfg = Debug|Any CPU
		{DD62DE92-FB5C-42FA-9E96-6B8AC750D760}.Ad-Hoc|x86.Build.0 = Debug|Any CPU
		{DD62DE92-FB5C-42FA-9E96-6B8AC750D760}.Ad-Hoc|x86.Deploy.0 = Debug|Any CPU
		{DD62DE92-FB5C-42FA-9E96-6B8AC750D760}.AppStore|Any CPU.ActiveCfg = Debug|Any CPU
		{DD62DE92-FB5C-42FA-9E96-6B8AC750D760}.AppStore|Any CPU.Build.0 = Debug|Any CPU
		{DD62DE92-FB5C-42FA-9E96-6B8AC750D760}.AppStore|Any CPU.Deploy.0 = Debug|Any CPU
		{DD62DE92-FB5C-42FA-9E96-6B8AC750D760}.AppStore|ARM.ActiveCfg = Debug|Any CPU
		{DD62DE92-FB5C-42FA-9E96-6B8AC750D760}.AppStore|ARM.Build.0 = Debug|Any CPU
		{DD62DE92-FB5C-42FA-9E96-6B8AC750D760}.AppStore|ARM.Deploy.0 = Debug|Any CPU
		{DD62DE92-FB5C-42FA-9E96-6B8AC750D760}.AppStore|iPhone.ActiveCfg = Debug|Any CPU
		{DD62DE92-FB5C-42FA-9E96-6B8AC750D760}.AppStore|iPhone.Build.0 = Debug|Any CPU
		{DD62DE92-FB5C-42FA-9E96-6B8AC750D760}.AppStore|iPhone.Deploy.0 = Debug|Any CPU
		{DD62DE92-FB5C-42FA-9E96-6B8AC750D760}.AppStore|iPhoneSimulator.ActiveCfg = Debug|Any CPU
		{DD62DE92-FB5C-42FA-9E96-6B8AC750D760}.AppStore|iPhoneSimulator.Build.0 = Debug|Any CPU
		{DD62DE92-FB5C-42FA-9E96-6B8AC750D760}.AppStore|iPhoneSimulator.Deploy.0 = Debug|Any CPU
		{DD62DE92-FB5C-42FA-9E96-6B8AC750D760}.AppStore|x64.ActiveCfg = Debug|Any CPU
		{DD62DE92-FB5C-42FA-9E96-6B8AC750D760}.AppStore|x64.Build.0 = Debug|Any CPU
		{DD62DE92-FB5C-42FA-9E96-6B8AC750D760}.AppStore|x64.Deploy.0 = Debug|Any CPU
		{DD62DE92-FB5C-42FA-9E96-6B8AC750D760}.AppStore|x86.ActiveCfg = Debug|Any CPU
		{DD62DE92-FB5C-42FA-9E96-6B8AC750D760}.AppStore|x86.Build.0 = Debug|Any CPU
		{DD62DE92-FB5C-42FA-9E96-6B8AC750D760}.AppStore|x86.Deploy.0 = Debug|Any CPU
		{DD62DE92-FB5C-42FA-9E96-6B8AC750D760}.Debug|Any CPU.ActiveCfg = Debug|Any CPU
		{DD62DE92-FB5C-42FA-9E96-6B8AC750D760}.Debug|Any CPU.Build.0 = Debug|Any CPU
		{DD62DE92-FB5C-42FA-9E96-6B8AC750D760}.Debug|Any CPU.Deploy.0 = Debug|Any CPU
		{DD62DE92-FB5C-42FA-9E96-6B8AC750D760}.Debug|ARM.ActiveCfg = Debug|Any CPU
		{DD62DE92-FB5C-42FA-9E96-6B8AC750D760}.Debug|ARM.Build.0 = Debug|Any CPU
		{DD62DE92-FB5C-42FA-9E96-6B8AC750D760}.Debug|ARM.Deploy.0 = Debug|Any CPU
		{DD62DE92-FB5C-42FA-9E96-6B8AC750D760}.Debug|iPhone.ActiveCfg = Debug|Any CPU
		{DD62DE92-FB5C-42FA-9E96-6B8AC750D760}.Debug|iPhone.Build.0 = Debug|Any CPU
		{DD62DE92-FB5C-42FA-9E96-6B8AC750D760}.Debug|iPhone.Deploy.0 = Debug|Any CPU
		{DD62DE92-FB5C-42FA-9E96-6B8AC750D760}.Debug|iPhoneSimulator.ActiveCfg = Debug|Any CPU
		{DD62DE92-FB5C-42FA-9E96-6B8AC750D760}.Debug|iPhoneSimulator.Build.0 = Debug|Any CPU
		{DD62DE92-FB5C-42FA-9E96-6B8AC750D760}.Debug|iPhoneSimulator.Deploy.0 = Debug|Any CPU
		{DD62DE92-FB5C-42FA-9E96-6B8AC750D760}.Debug|x64.ActiveCfg = Debug|Any CPU
		{DD62DE92-FB5C-42FA-9E96-6B8AC750D760}.Debug|x64.Build.0 = Debug|Any CPU
		{DD62DE92-FB5C-42FA-9E96-6B8AC750D760}.Debug|x64.Deploy.0 = Debug|Any CPU
		{DD62DE92-FB5C-42FA-9E96-6B8AC750D760}.Debug|x86.ActiveCfg = Debug|Any CPU
		{DD62DE92-FB5C-42FA-9E96-6B8AC750D760}.Debug|x86.Build.0 = Debug|Any CPU
		{DD62DE92-FB5C-42FA-9E96-6B8AC750D760}.Debug|x86.Deploy.0 = Debug|Any CPU
		{DD62DE92-FB5C-42FA-9E96-6B8AC750D760}.Release|Any CPU.ActiveCfg = Release|Any CPU
		{DD62DE92-FB5C-42FA-9E96-6B8AC750D760}.Release|Any CPU.Build.0 = Release|Any CPU
		{DD62DE92-FB5C-42FA-9E96-6B8AC750D760}.Release|Any CPU.Deploy.0 = Release|Any CPU
		{DD62DE92-FB5C-42FA-9E96-6B8AC750D760}.Release|ARM.ActiveCfg = Release|Any CPU
		{DD62DE92-FB5C-42FA-9E96-6B8AC750D760}.Release|ARM.Build.0 = Release|Any CPU
		{DD62DE92-FB5C-42FA-9E96-6B8AC750D760}.Release|ARM.Deploy.0 = Release|Any CPU
		{DD62DE92-FB5C-42FA-9E96-6B8AC750D760}.Release|iPhone.ActiveCfg = Release|Any CPU
		{DD62DE92-FB5C-42FA-9E96-6B8AC750D760}.Release|iPhone.Build.0 = Release|Any CPU
		{DD62DE92-FB5C-42FA-9E96-6B8AC750D760}.Release|iPhone.Deploy.0 = Release|Any CPU
		{DD62DE92-FB5C-42FA-9E96-6B8AC750D760}.Release|iPhoneSimulator.ActiveCfg = Release|Any CPU
		{DD62DE92-FB5C-42FA-9E96-6B8AC750D760}.Release|iPhoneSimulator.Build.0 = Release|Any CPU
		{DD62DE92-FB5C-42FA-9E96-6B8AC750D760}.Release|iPhoneSimulator.Deploy.0 = Release|Any CPU
		{DD62DE92-FB5C-42FA-9E96-6B8AC750D760}.Release|x64.ActiveCfg = Release|Any CPU
		{DD62DE92-FB5C-42FA-9E96-6B8AC750D760}.Release|x64.Build.0 = Release|Any CPU
		{DD62DE92-FB5C-42FA-9E96-6B8AC750D760}.Release|x64.Deploy.0 = Release|Any CPU
		{DD62DE92-FB5C-42FA-9E96-6B8AC750D760}.Release|x86.ActiveCfg = Release|Any CPU
		{DD62DE92-FB5C-42FA-9E96-6B8AC750D760}.Release|x86.Build.0 = Release|Any CPU
		{DD62DE92-FB5C-42FA-9E96-6B8AC750D760}.Release|x86.Deploy.0 = Release|Any CPU
	EndGlobalSection
	GlobalSection(SolutionProperties) = preSolution
		HideSolutionNode = FALSE
	EndGlobalSection
	GlobalSection(ExtensibilityGlobals) = postSolution
		SolutionGuid = {B338C709-D7B1-4097-884D-18D2F5A60E69}
	EndGlobalSection
EndGlobal
